{
  "version": 4,
  "terraform_version": "1.14.0",
  "serial": 9,
  "lineage": "70d4f974-2396-62e7-e665-9379a78943e3",
  "outputs": {
    "instructions": {
      "value": "    \r\n========================================\r\nInfrastructure Created Successfully!\r\n========================================\r\n    \r\n1. SSH to VM:\r\n   ssh azureuser@4.155.240.186\r\n    \r\n2. Access Jenkins:\r\n   http://4.155.240.186:8080\r\n    \r\n3. Access Nexus (after installing):\r\n   http://4.155.240.186:8081\r\n    \r\n========================================\r\n",
      "type": "string"
    },
    "jenkins_public_ip": {
      "value": "4.155.240.186",
      "type": "string"
    },
    "jenkins_ssh": {
      "value": "ssh azureuser@4.155.240.186",
      "type": "string"
    },
    "jenkins_url": {
      "value": "http://4.155.240.186:8080",
      "type": "string"
    },
    "nexus_url": {
      "value": "http://4.155.240.186:8081",
      "type": "string"
    },
    "resource_group_name": {
      "value": "devops-learning-rg",
      "type": "string"
    }
  },
  "resources": [
    {
      "mode": "managed",
      "type": "azurerm_linux_virtual_machine",
      "name": "jenkins_vm",
      "provider": "provider[\"registry.terraform.io/hashicorp/azurerm\"]",
      "instances": [
        {
          "schema_version": 0,
          "attributes": {
            "additional_capabilities": [],
            "admin_password": null,
            "admin_ssh_key": [
              {
                "public_key": "ssh-rsa AAAAB3NzaC1yc2EAAAADAQABAAACAQCyRJ0BmTCCPmfm6bU+5J8mDDLrCztXbzCngCJmN7OIRD+s4qrbUThN4BmEk/QIY+bCf1AbgFjj4PaMJyEnF25TPdVmXHh+AhOlHIKmu/pxibw2wQBkjPBeHf/sXuDo0yq8wEgiZM2vOVrIDta5vJjGJ1uTznEzOq6GDJJ+lkhz5lQCkjwMmUCV11dtZU8RpCW4TadUh4XKHPkQcuNDe+W/bRvh505fLvz4Eol3em9lrMV2TqOlXNHxL8zJ9lPnnDDJA2ctSiw5VgWq/9K71XJuSU14fKm9w0PtLN92Ezs3yDo5snmuhmdOz7ynz/h2ZChHS9CVDDl0hc3LXYL649d8B4n279hKKFCOY3N7Y0amc2TO0puB4zyxrgXK2DivbA/aqSvsvKwJsVD1Pw+4CnedYj8uo3efwZUdX+AgvCsg8967eme5eYpDxoVm4ic4en4favA8AUnR4PgWMCRFObQrm7U9y90u4KAXLX9zwiEcDiAcZV8wVw8mdlDDtmEEOm1R3xT/25zg3E7L8wO4jjwreuvke9EkEoXYO3AT4bWoTMIchmMf6acy/4uvjawUjOajDdpfwYqdcrz6k+pGkT7aPlgzWXGRz2sSIFmuulNGBZOoNj7eZod05B/15bVNxxNs75ZW4bVHmfheBZkUtPSw2V9x/nem6bE33kZDTNFVTw== yashw@Owner-PC\r\n",
                "username": "azureuser"
              }
            ],
            "admin_username": "azureuser",
            "allow_extension_operations": true,
            "availability_set_id": "",
            "boot_diagnostics": [],
            "bypass_platform_safety_checks_on_user_schedule_enabled": false,
            "capacity_reservation_group_id": "",
            "computer_name": "jenkins-vm",
            "custom_data": null,
            "dedicated_host_group_id": "",
            "dedicated_host_id": "",
            "disable_password_authentication": true,
            "edge_zone": "",
            "encryption_at_host_enabled": false,
            "eviction_policy": "",
            "extensions_time_budget": "PT1H30M",
            "gallery_application": [],
            "id": "/subscriptions/bfa9ffff-e9a2-469b-becd-2b534ae00e0a/resourceGroups/devops-learning-rg/providers/Microsoft.Compute/virtualMachines/jenkins-vm",
            "identity": [],
            "license_type": "",
            "location": "westus2",
            "max_bid_price": -1,
            "name": "jenkins-vm",
            "network_interface_ids": [
              "/subscriptions/bfa9ffff-e9a2-469b-becd-2b534ae00e0a/resourceGroups/devops-learning-rg/providers/Microsoft.Network/networkInterfaces/jenkins-nic"
            ],
            "os_disk": [
              {
                "caching": "ReadWrite",
                "diff_disk_settings": [],
                "disk_encryption_set_id": "",
                "disk_size_gb": 50,
                "name": "jenkins-vm_OsDisk_1_53e6b5dc556943d597849a7783e7cef8",
                "secure_vm_disk_encryption_set_id": "",
                "security_encryption_type": "",
                "storage_account_type": "Standard_LRS",
                "write_accelerator_enabled": false
              }
            ],
            "patch_assessment_mode": "ImageDefault",
            "patch_mode": "ImageDefault",
            "plan": [],
            "platform_fault_domain": -1,
            "priority": "Regular",
            "private_ip_address": "10.0.1.4",
            "private_ip_addresses": [
              "10.0.1.4"
            ],
            "provision_vm_agent": true,
            "proximity_placement_group_id": "",
            "public_ip_address": "4.155.240.186",
            "public_ip_addresses": [
              "4.155.240.186"
            ],
            "reboot_setting": "",
            "resource_group_name": "devops-learning-rg",
            "secret": [],
            "secure_boot_enabled": false,
            "size": "Standard_D2s_v3",
            "source_image_id": "",
            "source_image_reference": [
              {
                "offer": "0001-com-ubuntu-server-jammy",
                "publisher": "Canonical",
                "sku": "22_04-lts",
                "version": "latest"
              }
            ],
            "tags": {
              "Environment": "Learning",
              "Purpose": "Jenkins-Nexus-XLDeploy"
            },
            "termination_notification": null,
            "timeouts": null,
            "user_data": "",
            "virtual_machine_id": "848757e1-dc97-4d8b-b677-61ef04eccfe8",
            "virtual_machine_scale_set_id": "",
            "vtpm_enabled": false,
            "zone": ""
          },
          "sensitive_attributes": [
            [
              {
                "type": "get_attr",
                "value": "admin_password"
              }
            ],
            [
              {
                "type": "get_attr",
                "value": "custom_data"
              }
            ]
          ],
          "identity_schema_version": 0,
          "private": "eyJlMmJmYjczMC1lY2FhLTExZTYtOGY4OC0zNDM2M2JjN2M0YzAiOnsiY3JlYXRlIjoyNzAwMDAwMDAwMDAwLCJkZWxldGUiOjI3MDAwMDAwMDAwMDAsInJlYWQiOjMwMDAwMDAwMDAwMCwidXBkYXRlIjoyNzAwMDAwMDAwMDAwfX0=",
          "dependencies": [
            "azurerm_network_interface.jenkins_nic",
            "azurerm_public_ip.jenkins_ip",
            "azurerm_resource_group.devops_rg",
            "azurerm_subnet.devops_subnet",
            "azurerm_virtual_network.devops_vnet"
          ]
        }
      ]
    },
    {
      "mode": "managed",
      "type": "azurerm_network_interface",
      "name": "jenkins_nic",
      "provider": "provider[\"registry.terraform.io/hashicorp/azurerm\"]",
      "instances": [
        {
          "schema_version": 0,
          "attributes": {
            "applied_dns_servers": [],
            "auxiliary_mode": "",
            "auxiliary_sku": "",
            "dns_servers": [],
            "edge_zone": "",
            "enable_accelerated_networking": false,
            "enable_ip_forwarding": false,
            "id": "/subscriptions/bfa9ffff-e9a2-469b-becd-2b534ae00e0a/resourceGroups/devops-learning-rg/providers/Microsoft.Network/networkInterfaces/jenkins-nic",
            "internal_dns_name_label": "",
            "internal_domain_name_suffix": "xktdkrx4uz2uplqamouxsuhp3b.xx.internal.cloudapp.net",
            "ip_configuration": [
              {
                "gateway_load_balancer_frontend_ip_configuration_id": "",
                "name": "internal",
                "primary": true,
                "private_ip_address": "10.0.1.4",
                "private_ip_address_allocation": "Dynamic",
                "private_ip_address_version": "IPv4",
                "public_ip_address_id": "/subscriptions/bfa9ffff-e9a2-469b-becd-2b534ae00e0a/resourceGroups/devops-learning-rg/providers/Microsoft.Network/publicIPAddresses/jenkins-public-ip",
                "subnet_id": "/subscriptions/bfa9ffff-e9a2-469b-becd-2b534ae00e0a/resourceGroups/devops-learning-rg/providers/Microsoft.Network/virtualNetworks/devops-vnet/subnets/devops-subnet"
              }
            ],
            "location": "westus2",
            "mac_address": "",
            "name": "jenkins-nic",
            "private_ip_address": "10.0.1.4",
            "private_ip_addresses": [
              "10.0.1.4"
            ],
            "resource_group_name": "devops-learning-rg",
            "tags": {
              "Environment": "Learning"
            },
            "timeouts": null,
            "virtual_machine_id": ""
          },
          "sensitive_attributes": [],
          "identity_schema_version": 0,
          "private": "eyJlMmJmYjczMC1lY2FhLTExZTYtOGY4OC0zNDM2M2JjN2M0YzAiOnsiY3JlYXRlIjoxODAwMDAwMDAwMDAwLCJkZWxldGUiOjE4MDAwMDAwMDAwMDAsInJlYWQiOjMwMDAwMDAwMDAwMCwidXBkYXRlIjoxODAwMDAwMDAwMDAwfX0=",
          "dependencies": [
            "azurerm_public_ip.jenkins_ip",
            "azurerm_resource_group.devops_rg",
            "azurerm_subnet.devops_subnet",
            "azurerm_virtual_network.devops_vnet"
          ]
        }
      ]
    },
    {
      "mode": "managed",
      "type": "azurerm_network_interface_security_group_association",
      "name": "jenkins_nsg_assoc",
      "provider": "provider[\"registry.terraform.io/hashicorp/azurerm\"]",
      "instances": [
        {
          "schema_version": 0,
          "attributes": {
            "id": "/subscriptions/bfa9ffff-e9a2-469b-becd-2b534ae00e0a/resourceGroups/devops-learning-rg/providers/Microsoft.Network/networkInterfaces/jenkins-nic|/subscriptions/bfa9ffff-e9a2-469b-becd-2b534ae00e0a/resourceGroups/devops-learning-rg/providers/Microsoft.Network/networkSecurityGroups/jenkins-nsg",
            "network_interface_id": "/subscriptions/bfa9ffff-e9a2-469b-becd-2b534ae00e0a/resourceGroups/devops-learning-rg/providers/Microsoft.Network/networkInterfaces/jenkins-nic",
            "network_security_group_id": "/subscriptions/bfa9ffff-e9a2-469b-becd-2b534ae00e0a/resourceGroups/devops-learning-rg/providers/Microsoft.Network/networkSecurityGroups/jenkins-nsg",
            "timeouts": null
          },
          "sensitive_attributes": [],
          "identity_schema_version": 0,
          "private": "eyJlMmJmYjczMC1lY2FhLTExZTYtOGY4OC0zNDM2M2JjN2M0YzAiOnsiY3JlYXRlIjoxODAwMDAwMDAwMDAwLCJkZWxldGUiOjE4MDAwMDAwMDAwMDAsInJlYWQiOjMwMDAwMDAwMDAwMCwidXBkYXRlIjoxODAwMDAwMDAwMDAwfX0=",
          "dependencies": [
            "azurerm_network_interface.jenkins_nic",
            "azurerm_network_security_group.jenkins_nsg",
            "azurerm_public_ip.jenkins_ip",
            "azurerm_resource_group.devops_rg",
            "azurerm_subnet.devops_subnet",
            "azurerm_virtual_network.devops_vnet"
          ]
        }
      ]
    },
    {
      "mode": "managed",
      "type": "azurerm_network_security_group",
      "name": "jenkins_nsg",
      "provider": "provider[\"registry.terraform.io/hashicorp/azurerm\"]",
      "instances": [
        {
          "schema_version": 0,
          "attributes": {
            "id": "/subscriptions/bfa9ffff-e9a2-469b-becd-2b534ae00e0a/resourceGroups/devops-learning-rg/providers/Microsoft.Network/networkSecurityGroups/jenkins-nsg",
            "location": "westus2",
            "name": "jenkins-nsg",
            "resource_group_name": "devops-learning-rg",
            "security_rule": [
              {
                "access": "Allow",
                "description": "",
                "destination_address_prefix": "*",
                "destination_address_prefixes": [],
                "destination_application_security_group_ids": [],
                "destination_port_range": "22",
                "destination_port_ranges": [],
                "direction": "Inbound",
                "name": "SSH",
                "priority": 1001,
                "protocol": "Tcp",
                "source_address_prefix": "*",
                "source_address_prefixes": [],
                "source_application_security_group_ids": [],
                "source_port_range": "*",
                "source_port_ranges": []
              },
              {
                "access": "Allow",
                "description": "",
                "destination_address_prefix": "*",
                "destination_address_prefixes": [],
                "destination_application_security_group_ids": [],
                "destination_port_range": "8080",
                "destination_port_ranges": [],
                "direction": "Inbound",
                "name": "Jenkins",
                "priority": 1002,
                "protocol": "Tcp",
                "source_address_prefix": "*",
                "source_address_prefixes": [],
                "source_application_security_group_ids": [],
                "source_port_range": "*",
                "source_port_ranges": []
              },
              {
                "access": "Allow",
                "description": "",
                "destination_address_prefix": "*",
                "destination_address_prefixes": [],
                "destination_application_security_group_ids": [],
                "destination_port_range": "8081",
                "destination_port_ranges": [],
                "direction": "Inbound",
                "name": "Nexus",
                "priority": 1003,
                "protocol": "Tcp",
                "source_address_prefix": "*",
                "source_address_prefixes": [],
                "source_application_security_group_ids": [],
                "source_port_range": "*",
                "source_port_ranges": []
              },
              {
                "access": "Allow",
                "description": "",
                "destination_address_prefix": "*",
                "destination_address_prefixes": [],
                "destination_application_security_group_ids": [],
                "destination_port_range": "8082",
                "destination_port_ranges": [],
                "direction": "Inbound",
                "name": "NexusDocker",
                "priority": 1004,
                "protocol": "Tcp",
                "source_address_prefix": "*",
                "source_address_prefixes": [],
                "source_application_security_group_ids": [],
                "source_port_range": "*",
                "source_port_ranges": []
              }
            ],
            "tags": {
              "Environment": "Learning"
            },
            "timeouts": null
          },
          "sensitive_attributes": [],
          "identity_schema_version": 0,
          "private": "eyJlMmJmYjczMC1lY2FhLTExZTYtOGY4OC0zNDM2M2JjN2M0YzAiOnsiY3JlYXRlIjoxODAwMDAwMDAwMDAwLCJkZWxldGUiOjE4MDAwMDAwMDAwMDAsInJlYWQiOjMwMDAwMDAwMDAwMCwidXBkYXRlIjoxODAwMDAwMDAwMDAwfX0=",
          "dependencies": [
            "azurerm_resource_group.devops_rg"
          ]
        }
      ]
    },
    {
      "mode": "managed",
      "type": "azurerm_public_ip",
      "name": "jenkins_ip",
      "provider": "provider[\"registry.terraform.io/hashicorp/azurerm\"]",
      "instances": [
        {
          "schema_version": 0,
          "attributes": {
            "allocation_method": "Static",
            "ddos_protection_mode": "VirtualNetworkInherited",
            "ddos_protection_plan_id": null,
            "domain_name_label": null,
            "edge_zone": "",
            "fqdn": null,
            "id": "/subscriptions/bfa9ffff-e9a2-469b-becd-2b534ae00e0a/resourceGroups/devops-learning-rg/providers/Microsoft.Network/publicIPAddresses/jenkins-public-ip",
            "idle_timeout_in_minutes": 4,
            "ip_address": "4.155.240.186",
            "ip_tags": null,
            "ip_version": "IPv4",
            "location": "westus2",
            "name": "jenkins-public-ip",
            "public_ip_prefix_id": null,
            "resource_group_name": "devops-learning-rg",
            "reverse_fqdn": null,
            "sku": "Standard",
            "sku_tier": "Regional",
            "tags": {
              "Environment": "Learning",
              "Purpose": "Jenkins-AllInOne"
            },
            "timeouts": null,
            "zones": null
          },
          "sensitive_attributes": [],
          "identity_schema_version": 0,
          "private": "eyJlMmJmYjczMC1lY2FhLTExZTYtOGY4OC0zNDM2M2JjN2M0YzAiOnsiY3JlYXRlIjoxODAwMDAwMDAwMDAwLCJkZWxldGUiOjE4MDAwMDAwMDAwMDAsInJlYWQiOjMwMDAwMDAwMDAwMCwidXBkYXRlIjoxODAwMDAwMDAwMDAwfX0=",
          "dependencies": [
            "azurerm_resource_group.devops_rg"
          ]
        }
      ]
    },
    {
      "mode": "managed",
      "type": "azurerm_resource_group",
      "name": "devops_rg",
      "provider": "provider[\"registry.terraform.io/hashicorp/azurerm\"]",
      "instances": [
        {
          "schema_version": 0,
          "attributes": {
            "id": "/subscriptions/bfa9ffff-e9a2-469b-becd-2b534ae00e0a/resourceGroups/devops-learning-rg",
            "location": "westus2",
            "managed_by": "",
            "name": "devops-learning-rg",
            "tags": {
              "Environment": "Learning",
              "Project": "DevOps-Training"
            },
            "timeouts": null
          },
          "sensitive_attributes": [],
          "identity_schema_version": 0,
          "private": "eyJlMmJmYjczMC1lY2FhLTExZTYtOGY4OC0zNDM2M2JjN2M0YzAiOnsiY3JlYXRlIjo1NDAwMDAwMDAwMDAwLCJkZWxldGUiOjU0MDAwMDAwMDAwMDAsInJlYWQiOjMwMDAwMDAwMDAwMCwidXBkYXRlIjo1NDAwMDAwMDAwMDAwfX0="
        }
      ]
    },
    {
      "mode": "managed",
      "type": "azurerm_subnet",
      "name": "devops_subnet",
      "provider": "provider[\"registry.terraform.io/hashicorp/azurerm\"]",
      "instances": [
        {
          "schema_version": 0,
          "attributes": {
            "address_prefixes": [
              "10.0.1.0/24"
            ],
            "delegation": [],
            "enforce_private_link_endpoint_network_policies": false,
            "enforce_private_link_service_network_policies": false,
            "id": "/subscriptions/bfa9ffff-e9a2-469b-becd-2b534ae00e0a/resourceGroups/devops-learning-rg/providers/Microsoft.Network/virtualNetworks/devops-vnet/subnets/devops-subnet",
            "name": "devops-subnet",
            "private_endpoint_network_policies_enabled": true,
            "private_link_service_network_policies_enabled": true,
            "resource_group_name": "devops-learning-rg",
            "service_endpoint_policy_ids": null,
            "service_endpoints": null,
            "timeouts": null,
            "virtual_network_name": "devops-vnet"
          },
          "sensitive_attributes": [],
          "identity_schema_version": 0,
          "private": "eyJlMmJmYjczMC1lY2FhLTExZTYtOGY4OC0zNDM2M2JjN2M0YzAiOnsiY3JlYXRlIjoxODAwMDAwMDAwMDAwLCJkZWxldGUiOjE4MDAwMDAwMDAwMDAsInJlYWQiOjMwMDAwMDAwMDAwMCwidXBkYXRlIjoxODAwMDAwMDAwMDAwfX0=",
          "dependencies": [
            "azurerm_resource_group.devops_rg",
            "azurerm_virtual_network.devops_vnet"
          ]
        }
      ]
    },
    {
      "mode": "managed",
      "type": "azurerm_virtual_network",
      "name": "devops_vnet",
      "provider": "provider[\"registry.terraform.io/hashicorp/azurerm\"]",
      "instances": [
        {
          "schema_version": 0,
          "attributes": {
            "address_space": [
              "10.0.0.0/16"
            ],
            "bgp_community": "",
            "ddos_protection_plan": [],
            "dns_servers": [],
            "edge_zone": "",
            "encryption": [],
            "flow_timeout_in_minutes": 0,
            "guid": "4635a6ba-a6fe-4779-ae00-63a97950efe9",
            "id": "/subscriptions/bfa9ffff-e9a2-469b-becd-2b534ae00e0a/resourceGroups/devops-learning-rg/providers/Microsoft.Network/virtualNetworks/devops-vnet",
            "location": "westus2",
            "name": "devops-vnet",
            "resource_group_name": "devops-learning-rg",
            "subnet": [],
            "tags": {
              "Environment": "Learning"
            },
            "timeouts": null
          },
          "sensitive_attributes": [],
          "identity_schema_version": 0,
          "private": "eyJlMmJmYjczMC1lY2FhLTExZTYtOGY4OC0zNDM2M2JjN2M0YzAiOnsiY3JlYXRlIjoxODAwMDAwMDAwMDAwLCJkZWxldGUiOjE4MDAwMDAwMDAwMDAsInJlYWQiOjMwMDAwMDAwMDAwMCwidXBkYXRlIjoxODAwMDAwMDAwMDAwfX0=",
          "dependencies": [
            "azurerm_resource_group.devops_rg"
          ]
        }
      ]
    }
  ],
  "check_results": null
}
